// !$*UTF8*$!
{
	archiveVersion = 1;
	classes = {
	};
	objectVersion = 46;
	objects = {

/* Begin PBXBuildFile section */
		5A36ECFC181160650095CD38 /* Foundation.framework in Frameworks */ = {isa = PBXBuildFile; fileRef = 5A36ECFB181160650095CD38 /* Foundation.framework */; };
		5A36ECFE181160650095CD38 /* CoreGraphics.framework in Frameworks */ = {isa = PBXBuildFile; fileRef = 5A36ECFD181160650095CD38 /* CoreGraphics.framework */; };
		5A36ED00181160650095CD38 /* UIKit.framework in Frameworks */ = {isa = PBXBuildFile; fileRef = 5A36ECFF181160650095CD38 /* UIKit.framework */; };
		5A36ED0C181160650095CD38 /* AppDelegate.m in Sources */ = {isa = PBXBuildFile; fileRef = 5A36ED0B181160650095CD38 /* AppDelegate.m */; };
		FAE419461BCA891A004343F0 /* UIView+Geometry.m in Sources */ = {isa = PBXBuildFile; fileRef = FAE4191C1BCA891A004343F0 /* UIView+Geometry.m */; settings = {ASSET_TAGS = (); }; };
		FAE419471BCA891A004343F0 /* Constants.m in Sources */ = {isa = PBXBuildFile; fileRef = FAE4191F1BCA891A004343F0 /* Constants.m */; settings = {ASSET_TAGS = (); }; };
		FAE419481BCA891A004343F0 /* BaseViewController.m in Sources */ = {isa = PBXBuildFile; fileRef = FAE419221BCA891A004343F0 /* BaseViewController.m */; settings = {ASSET_TAGS = (); }; };
		FAE419491BCA891A004343F0 /* GameViewController.m in Sources */ = {isa = PBXBuildFile; fileRef = FAE419241BCA891A004343F0 /* GameViewController.m */; settings = {ASSET_TAGS = (); }; };
		FAE4194A1BCA891A004343F0 /* GameViewController.xib in Resources */ = {isa = PBXBuildFile; fileRef = FAE419251BCA891A004343F0 /* GameViewController.xib */; settings = {ASSET_TAGS = (); }; };
		FAE4194B1BCA891A004343F0 /* AIPlayer.m in Sources */ = {isa = PBXBuildFile; fileRef = FAE419281BCA891A004343F0 /* AIPlayer.m */; settings = {ASSET_TAGS = (); }; };
		FAE4194C1BCA891A004343F0 /* Card.m in Sources */ = {isa = PBXBuildFile; fileRef = FAE4192A1BCA891A004343F0 /* Card.m */; settings = {ASSET_TAGS = (); }; };
		FAE4194D1BCA891A004343F0 /* Deck.m in Sources */ = {isa = PBXBuildFile; fileRef = FAE4192C1BCA891A004343F0 /* Deck.m */; settings = {ASSET_TAGS = (); }; };
		FAE4194E1BCA891A004343F0 /* Hand.m in Sources */ = {isa = PBXBuildFile; fileRef = FAE4192E1BCA891A004343F0 /* Hand.m */; settings = {ASSET_TAGS = (); }; };
		FAE4194F1BCA891A004343F0 /* HumanPlayer.m in Sources */ = {isa = PBXBuildFile; fileRef = FAE419301BCA891A004343F0 /* HumanPlayer.m */; settings = {ASSET_TAGS = (); }; };
		FAE419501BCA891A004343F0 /* Model.m in Sources */ = {isa = PBXBuildFile; fileRef = FAE419321BCA891A004343F0 /* Model.m */; settings = {ASSET_TAGS = (); }; };
		FAE419511BCA891A004343F0 /* Player.m in Sources */ = {isa = PBXBuildFile; fileRef = FAE419341BCA891A004343F0 /* Player.m */; settings = {ASSET_TAGS = (); }; };
		FAE419521BCA891A004343F0 /* Images.xcassets in Resources */ = {isa = PBXBuildFile; fileRef = FAE419361BCA891A004343F0 /* Images.xcassets */; settings = {ASSET_TAGS = (); }; };
		FAE419541BCA891A004343F0 /* InfoPlist.strings in Resources */ = {isa = PBXBuildFile; fileRef = FAE4193A1BCA891A004343F0 /* InfoPlist.strings */; settings = {ASSET_TAGS = (); }; };
		FAE419551BCA891A004343F0 /* main.m in Sources */ = {isa = PBXBuildFile; fileRef = FAE4193C1BCA891A004343F0 /* main.m */; settings = {ASSET_TAGS = (); }; };
		FAE419561BCA891A004343F0 /* CardView.m in Sources */ = {isa = PBXBuildFile; fileRef = FAE4193F1BCA891A004343F0 /* CardView.m */; settings = {ASSET_TAGS = (); }; };
		FAE419571BCA891A004343F0 /* DeckView.m in Sources */ = {isa = PBXBuildFile; fileRef = FAE419411BCA891A004343F0 /* DeckView.m */; settings = {ASSET_TAGS = (); }; };
		FAE419581BCA891A004343F0 /* GameView.m in Sources */ = {isa = PBXBuildFile; fileRef = FAE419431BCA891A004343F0 /* GameView.m */; settings = {ASSET_TAGS = (); }; };
		FAE419591BCA891A004343F0 /* HandView.m in Sources */ = {isa = PBXBuildFile; fileRef = FAE419451BCA891A004343F0 /* HandView.m */; settings = {ASSET_TAGS = (); }; };
/* End PBXBuildFile section */

/* Begin PBXFileReference section */
		5A36ECF8181160650095CD38 /* DurakMobile.app */ = {isa = PBXFileReference; explicitFileType = wrapper.application; includeInIndex = 0; path = DurakMobile.app; sourceTree = BUILT_PRODUCTS_DIR; };
		5A36ECFB181160650095CD38 /* Foundation.framework */ = {isa = PBXFileReference; lastKnownFileType = wrapper.framework; name = Foundation.framework; path = System/Library/Frameworks/Foundation.framework; sourceTree = SDKROOT; };
		5A36ECFD181160650095CD38 /* CoreGraphics.framework */ = {isa = PBXFileReference; lastKnownFileType = wrapper.framework; name = CoreGraphics.framework; path = System/Library/Frameworks/CoreGraphics.framework; sourceTree = SDKROOT; };
		5A36ECFF181160650095CD38 /* UIKit.framework */ = {isa = PBXFileReference; lastKnownFileType = wrapper.framework; name = UIKit.framework; path = System/Library/Frameworks/UIKit.framework; sourceTree = SDKROOT; };
		5A36ED0A181160650095CD38 /* AppDelegate.h */ = {isa = PBXFileReference; lastKnownFileType = sourcecode.c.h; path = AppDelegate.h; sourceTree = "<group>"; };
		5A36ED0B181160650095CD38 /* AppDelegate.m */ = {isa = PBXFileReference; lastKnownFileType = sourcecode.c.objc; path = AppDelegate.m; sourceTree = "<group>"; };
		5A36ED14181160650095CD38 /* XCTest.framework */ = {isa = PBXFileReference; lastKnownFileType = wrapper.framework; name = XCTest.framework; path = Library/Frameworks/XCTest.framework; sourceTree = DEVELOPER_DIR; };
		FAE4191B1BCA891A004343F0 /* UIView+Geometry.h */ = {isa = PBXFileReference; fileEncoding = 4; lastKnownFileType = sourcecode.c.h; path = "UIView+Geometry.h"; sourceTree = "<group>"; };
		FAE4191C1BCA891A004343F0 /* UIView+Geometry.m */ = {isa = PBXFileReference; fileEncoding = 4; lastKnownFileType = sourcecode.c.objc; path = "UIView+Geometry.m"; sourceTree = "<group>"; };
		FAE4191E1BCA891A004343F0 /* Constants.h */ = {isa = PBXFileReference; fileEncoding = 4; lastKnownFileType = sourcecode.c.h; path = Constants.h; sourceTree = "<group>"; };
		FAE4191F1BCA891A004343F0 /* Constants.m */ = {isa = PBXFileReference; fileEncoding = 4; lastKnownFileType = sourcecode.c.objc; path = Constants.m; sourceTree = "<group>"; };
		FAE419211BCA891A004343F0 /* BaseViewController.h */ = {isa = PBXFileReference; fileEncoding = 4; lastKnownFileType = sourcecode.c.h; path = BaseViewController.h; sourceTree = "<group>"; };
		FAE419221BCA891A004343F0 /* BaseViewController.m */ = {isa = PBXFileReference; fileEncoding = 4; lastKnownFileType = sourcecode.c.objc; path = BaseViewController.m; sourceTree = "<group>"; };
		FAE419231BCA891A004343F0 /* GameViewController.h */ = {isa = PBXFileReference; fileEncoding = 4; lastKnownFileType = sourcecode.c.h; path = GameViewController.h; sourceTree = "<group>"; };
		FAE419241BCA891A004343F0 /* GameViewController.m */ = {isa = PBXFileReference; fileEncoding = 4; lastKnownFileType = sourcecode.c.objc; path = GameViewController.m; sourceTree = "<group>"; };
		FAE419251BCA891A004343F0 /* GameViewController.xib */ = {isa = PBXFileReference; fileEncoding = 4; lastKnownFileType = file.xib; path = GameViewController.xib; sourceTree = "<group>"; };
		FAE419271BCA891A004343F0 /* AIPlayer.h */ = {isa = PBXFileReference; fileEncoding = 4; lastKnownFileType = sourcecode.c.h; path = AIPlayer.h; sourceTree = "<group>"; };
		FAE419281BCA891A004343F0 /* AIPlayer.m */ = {isa = PBXFileReference; fileEncoding = 4; lastKnownFileType = sourcecode.c.objc; path = AIPlayer.m; sourceTree = "<group>"; };
		FAE419291BCA891A004343F0 /* Card.h */ = {isa = PBXFileReference; fileEncoding = 4; lastKnownFileType = sourcecode.c.h; path = Card.h; sourceTree = "<group>"; };
		FAE4192A1BCA891A004343F0 /* Card.m */ = {isa = PBXFileReference; fileEncoding = 4; lastKnownFileType = sourcecode.c.objc; path = Card.m; sourceTree = "<group>"; };
		FAE4192B1BCA891A004343F0 /* Deck.h */ = {isa = PBXFileReference; fileEncoding = 4; lastKnownFileType = sourcecode.c.h; path = Deck.h; sourceTree = "<group>"; };
		FAE4192C1BCA891A004343F0 /* Deck.m */ = {isa = PBXFileReference; fileEncoding = 4; lastKnownFileType = sourcecode.c.objc; path = Deck.m; sourceTree = "<group>"; };
		FAE4192D1BCA891A004343F0 /* Hand.h */ = {isa = PBXFileReference; fileEncoding = 4; lastKnownFileType = sourcecode.c.h; path = Hand.h; sourceTree = "<group>"; };
		FAE4192E1BCA891A004343F0 /* Hand.m */ = {isa = PBXFileReference; fileEncoding = 4; lastKnownFileType = sourcecode.c.objc; path = Hand.m; sourceTree = "<group>"; };
		FAE4192F1BCA891A004343F0 /* HumanPlayer.h */ = {isa = PBXFileReference; fileEncoding = 4; lastKnownFileType = sourcecode.c.h; path = HumanPlayer.h; sourceTree = "<group>"; };
		FAE419301BCA891A004343F0 /* HumanPlayer.m */ = {isa = PBXFileReference; fileEncoding = 4; lastKnownFileType = sourcecode.c.objc; path = HumanPlayer.m; sourceTree = "<group>"; };
		FAE419311BCA891A004343F0 /* Model.h */ = {isa = PBXFileReference; fileEncoding = 4; lastKnownFileType = sourcecode.c.h; path = Model.h; sourceTree = "<group>"; };
		FAE419321BCA891A004343F0 /* Model.m */ = {isa = PBXFileReference; fileEncoding = 4; lastKnownFileType = sourcecode.c.objc; path = Model.m; sourceTree = "<group>"; };
		FAE419331BCA891A004343F0 /* Player.h */ = {isa = PBXFileReference; fileEncoding = 4; lastKnownFileType = sourcecode.c.h; path = Player.h; sourceTree = "<group>"; };
		FAE419341BCA891A004343F0 /* Player.m */ = {isa = PBXFileReference; fileEncoding = 4; lastKnownFileType = sourcecode.c.objc; path = Player.m; sourceTree = "<group>"; };
		FAE419361BCA891A004343F0 /* Images.xcassets */ = {isa = PBXFileReference; lastKnownFileType = folder.assetcatalog; path = Images.xcassets; sourceTree = "<group>"; };
		FAE419381BCA891A004343F0 /* DurakMobile-Info.plist */ = {isa = PBXFileReference; fileEncoding = 4; lastKnownFileType = text.plist.xml; path = "DurakMobile-Info.plist"; sourceTree = "<group>"; };
		FAE419391BCA891A004343F0 /* DurakMobile-Prefix.pch */ = {isa = PBXFileReference; fileEncoding = 4; lastKnownFileType = sourcecode.c.h; path = "DurakMobile-Prefix.pch"; sourceTree = "<group>"; };
		FAE4193B1BCA891A004343F0 /* en */ = {isa = PBXFileReference; lastKnownFileType = text.plist.strings; name = en; path = en.lproj/InfoPlist.strings; sourceTree = "<group>"; };
		FAE4193C1BCA891A004343F0 /* main.m */ = {isa = PBXFileReference; fileEncoding = 4; lastKnownFileType = sourcecode.c.objc; path = main.m; sourceTree = "<group>"; };
		FAE4193E1BCA891A004343F0 /* CardView.h */ = {isa = PBXFileReference; fileEncoding = 4; lastKnownFileType = sourcecode.c.h; path = CardView.h; sourceTree = "<group>"; };
		FAE4193F1BCA891A004343F0 /* CardView.m */ = {isa = PBXFileReference; fileEncoding = 4; lastKnownFileType = sourcecode.c.objc; path = CardView.m; sourceTree = "<group>"; };
		FAE419401BCA891A004343F0 /* DeckView.h */ = {isa = PBXFileReference; fileEncoding = 4; lastKnownFileType = sourcecode.c.h; path = DeckView.h; sourceTree = "<group>"; };
		FAE419411BCA891A004343F0 /* DeckView.m */ = {isa = PBXFileReference; fileEncoding = 4; lastKnownFileType = sourcecode.c.objc; path = DeckView.m; sourceTree = "<group>"; };
		FAE419421BCA891A004343F0 /* GameView.h */ = {isa = PBXFileReference; fileEncoding = 4; lastKnownFileType = sourcecode.c.h; path = GameView.h; sourceTree = "<group>"; };
		FAE419431BCA891A004343F0 /* GameView.m */ = {isa = PBXFileReference; fileEncoding = 4; lastKnownFileType = sourcecode.c.objc; path = GameView.m; sourceTree = "<group>"; };
		FAE419441BCA891A004343F0 /* HandView.h */ = {isa = PBXFileReference; fileEncoding = 4; lastKnownFileType = sourcecode.c.h; path = HandView.h; sourceTree = "<group>"; };
		FAE419451BCA891A004343F0 /* HandView.m */ = {isa = PBXFileReference; fileEncoding = 4; lastKnownFileType = sourcecode.c.objc; path = HandView.m; sourceTree = "<group>"; };
/* End PBXFileReference section */

/* Begin PBXFrameworksBuildPhase section */
		5A36ECF5181160650095CD38 /* Frameworks */ = {
			isa = PBXFrameworksBuildPhase;
			buildActionMask = 2147483647;
			files = (
				5A36ECFE181160650095CD38 /* CoreGraphics.framework in Frameworks */,
				5A36ED00181160650095CD38 /* UIKit.framework in Frameworks */,
				5A36ECFC181160650095CD38 /* Foundation.framework in Frameworks */,
			);
			runOnlyForDeploymentPostprocessing = 0;
		};
/* End PBXFrameworksBuildPhase section */

/* Begin PBXGroup section */
		5A36ECEF181160650095CD38 = {
			isa = PBXGroup;
			children = (
				5A36ED01181160650095CD38 /* DurakMobile */,
				5A36ECFA181160650095CD38 /* Frameworks */,
				5A36ECF9181160650095CD38 /* Products */,
			);
			sourceTree = "<group>";
		};
		5A36ECF9181160650095CD38 /* Products */ = {
			isa = PBXGroup;
			children = (
				5A36ECF8181160650095CD38 /* DurakMobile.app */,
			);
			name = Products;
			sourceTree = "<group>";
		};
		5A36ECFA181160650095CD38 /* Frameworks */ = {
			isa = PBXGroup;
			children = (
				5A36ECFB181160650095CD38 /* Foundation.framework */,
				5A36ECFD181160650095CD38 /* CoreGraphics.framework */,
				5A36ECFF181160650095CD38 /* UIKit.framework */,
				5A36ED14181160650095CD38 /* XCTest.framework */,
			);
			name = Frameworks;
			sourceTree = "<group>";
		};
		5A36ED01181160650095CD38 /* DurakMobile */ = {
			isa = PBXGroup;
			children = (
				5A36ED0A181160650095CD38 /* AppDelegate.h */,
				5A36ED0B181160650095CD38 /* AppDelegate.m */,
				FAE419261BCA891A004343F0 /* Model */,
				FAE4193D1BCA891A004343F0 /* View */,
				FAE419201BCA891A004343F0 /* Controllers */,
				FAE4191A1BCA891A004343F0 /* Categories */,
				FAE4191D1BCA891A004343F0 /* Common */,
				FAE419351BCA891A004343F0 /* Resources */,
				FAE419371BCA891A004343F0 /* SupportingFiles */,
			);
			path = DurakMobile;
			sourceTree = "<group>";
		};
		FAE4191A1BCA891A004343F0 /* Categories */ = {
			isa = PBXGroup;
			children = (
				FAE4191B1BCA891A004343F0 /* UIView+Geometry.h */,
				FAE4191C1BCA891A004343F0 /* UIView+Geometry.m */,
			);
			path = Categories;
			sourceTree = "<group>";
		};
		FAE4191D1BCA891A004343F0 /* Common */ = {
			isa = PBXGroup;
			children = (
				FAE4191E1BCA891A004343F0 /* Constants.h */,
				FAE4191F1BCA891A004343F0 /* Constants.m */,
			);
			path = Common;
			sourceTree = "<group>";
		};
		FAE419201BCA891A004343F0 /* Controllers */ = {
			isa = PBXGroup;
			children = (
				FAE419211BCA891A004343F0 /* BaseViewController.h */,
				FAE419221BCA891A004343F0 /* BaseViewController.m */,
				FAE419231BCA891A004343F0 /* GameViewController.h */,
				FAE419241BCA891A004343F0 /* GameViewController.m */,
				FAE419251BCA891A004343F0 /* GameViewController.xib */,
			);
			path = Controllers;
			sourceTree = "<group>";
		};
		FAE419261BCA891A004343F0 /* Model */ = {
			isa = PBXGroup;
			children = (
				FAE419311BCA891A004343F0 /* Model.h */,
				FAE419321BCA891A004343F0 /* Model.m */,
				FAE4195A1BCA8A48004343F0 /* Player */,
				FAE4195D1BCA8A72004343F0 /* Card */,
				FAE4195F1BCA8A81004343F0 /* Deck */,
				FAE4195E1BCA8A7B004343F0 /* Hand */,
			);
			path = Model;
			sourceTree = "<group>";
		};
		FAE419351BCA891A004343F0 /* Resources */ = {
			isa = PBXGroup;
			children = (
				FAE419361BCA891A004343F0 /* Images.xcassets */,
			);
			path = Resources;
			sourceTree = "<group>";
		};
		FAE419371BCA891A004343F0 /* SupportingFiles */ = {
			isa = PBXGroup;
			children = (
				FAE419381BCA891A004343F0 /* DurakMobile-Info.plist */,
				FAE419391BCA891A004343F0 /* DurakMobile-Prefix.pch */,
				FAE4193A1BCA891A004343F0 /* InfoPlist.strings */,
				FAE4193C1BCA891A004343F0 /* main.m */,
			);
			path = SupportingFiles;
			sourceTree = "<group>";
		};
		FAE4193D1BCA891A004343F0 /* View */ = {
			isa = PBXGroup;
			children = (
				FAE419601BCA8C70004343F0 /* CardView */,
				FAE419611BCA8C7B004343F0 /* DeckView */,
				FAE419621BCA8C81004343F0 /* GameView */,
				FAE419631BCA8C8A004343F0 /* HandView */,
			);
			path = View;
			sourceTree = "<group>";
		};
		FAE4195A1BCA8A48004343F0 /* Player */ = {
			isa = PBXGroup;
			children = (
				FAE419331BCA891A004343F0 /* Player.h */,
				FAE419341BCA891A004343F0 /* Player.m */,
				FAE4195B1BCA8A59004343F0 /* AIPlayer */,
				FAE4195C1BCA8A62004343F0 /* HumanPlayer */,
			);
			name = Player;
			sourceTree = "<group>";
		};
		FAE4195B1BCA8A59004343F0 /* AIPlayer */ = {
			isa = PBXGroup;
			children = (
				FAE419271BCA891A004343F0 /* AIPlayer.h */,
				FAE419281BCA891A004343F0 /* AIPlayer.m */,
			);
			name = AIPlayer;
			sourceTree = "<group>";
		};
		FAE4195C1BCA8A62004343F0 /* HumanPlayer */ = {
			isa = PBXGroup;
			children = (
				FAE4192F1BCA891A004343F0 /* HumanPlayer.h */,
				FAE419301BCA891A004343F0 /* HumanPlayer.m */,
			);
			name = HumanPlayer;
			sourceTree = "<group>";
		};
		FAE4195D1BCA8A72004343F0 /* Card */ = {
			isa = PBXGroup;
			children = (
				FAE419291BCA891A004343F0 /* Card.h */,
				FAE4192A1BCA891A004343F0 /* Card.m */,
			);
			name = Card;
			sourceTree = "<group>";
		};
		FAE4195E1BCA8A7B004343F0 /* Hand */ = {
			isa = PBXGroup;
			children = (
				FAE4192D1BCA891A004343F0 /* Hand.h */,
				FAE4192E1BCA891A004343F0 /* Hand.m */,
			);
			name = Hand;
			sourceTree = "<group>";
		};
		FAE4195F1BCA8A81004343F0 /* Deck */ = {
			isa = PBXGroup;
			children = (
				FAE4192B1BCA891A004343F0 /* Deck.h */,
				FAE4192C1BCA891A004343F0 /* Deck.m */,
			);
			name = Deck;
			sourceTree = "<group>";
		};
		FAE419601BCA8C70004343F0 /* CardView */ = {
			isa = PBXGroup;
			children = (
				FAE4193E1BCA891A004343F0 /* CardView.h */,
				FAE4193F1BCA891A004343F0 /* CardView.m */,
			);
			name = CardView;
			sourceTree = "<group>";
		};
		FAE419611BCA8C7B004343F0 /* DeckView */ = {
			isa = PBXGroup;
			children = (
				FAE419401BCA891A004343F0 /* DeckView.h */,
				FAE419411BCA891A004343F0 /* DeckView.m */,
			);
			name = DeckView;
			sourceTree = "<group>";
		};
		FAE419621BCA8C81004343F0 /* GameView */ = {
			isa = PBXGroup;
			children = (
				FAE419421BCA891A004343F0 /* GameView.h */,
				FAE419431BCA891A004343F0 /* GameView.m */,
			);
			name = GameView;
			sourceTree = "<group>";
		};
		FAE419631BCA8C8A004343F0 /* HandView */ = {
			isa = PBXGroup;
			children = (
				FAE419441BCA891A004343F0 /* HandView.h */,
				FAE419451BCA891A004343F0 /* HandView.m */,
			);
			name = HandView;
			sourceTree = "<group>";
		};
/* End PBXGroup section */

/* Begin PBXNativeTarget section */
		5A36ECF7181160650095CD38 /* DurakMobile */ = {
			isa = PBXNativeTarget;
			buildConfigurationList = 5A36ED24181160650095CD38 /* Build configuration list for PBXNativeTarget "DurakMobile" */;
			buildPhases = (
				5A36ECF4181160650095CD38 /* Sources */,
				5A36ECF5181160650095CD38 /* Frameworks */,
				5A36ECF6181160650095CD38 /* Resources */,
			);
			buildRules = (
			);
			dependencies = (
			);
			name = DurakMobile;
			productName = DurakMobile;
			productReference = 5A36ECF8181160650095CD38 /* DurakMobile.app */;
			productType = "com.apple.product-type.application";
		};
/* End PBXNativeTarget section */

/* Begin PBXProject section */
		5A36ECF0181160650095CD38 /* Project object */ = {
			isa = PBXProject;
			attributes = {
				LastUpgradeCheck = 0700;
				ORGANIZATIONNAME = AlexChernywev;
			};
			buildConfigurationList = 5A36ECF3181160650095CD38 /* Build configuration list for PBXProject "DurakMobile" */;
			compatibilityVersion = "Xcode 3.2";
			developmentRegion = English;
			hasScannedForEncodings = 0;
			knownRegions = (
				en,
			);
			mainGroup = 5A36ECEF181160650095CD38;
			productRefGroup = 5A36ECF9181160650095CD38 /* Products */;
			projectDirPath = "";
			projectRoot = "";
			targets = (
				5A36ECF7181160650095CD38 /* DurakMobile */,
			);
		};
/* End PBXProject section */

/* Begin PBXResourcesBuildPhase section */
		5A36ECF6181160650095CD38 /* Resources */ = {
			isa = PBXResourcesBuildPhase;
			buildActionMask = 2147483647;
			files = (
				FAE419541BCA891A004343F0 /* InfoPlist.strings in Resources */,
				FAE4194A1BCA891A004343F0 /* GameViewController.xib in Resources */,
				FAE419521BCA891A004343F0 /* Images.xcassets in Resources */,
			);
			runOnlyForDeploymentPostprocessing = 0;
		};
/* End PBXResourcesBuildPhase section */

/* Begin PBXSourcesBuildPhase section */
		5A36ECF4181160650095CD38 /* Sources */ = {
			isa = PBXSourcesBuildPhase;
			buildActionMask = 2147483647;
			files = (
				FAE419551BCA891A004343F0 /* main.m in Sources */,
				FAE419501BCA891A004343F0 /* Model.m in Sources */,
				FAE419571BCA891A004343F0 /* DeckView.m in Sources */,
				FAE4194F1BCA891A004343F0 /* HumanPlayer.m in Sources */,
				FAE4194D1BCA891A004343F0 /* Deck.m in Sources */,
				FAE4194B1BCA891A004343F0 /* AIPlayer.m in Sources */,
				FAE419511BCA891A004343F0 /* Player.m in Sources */,
				FAE419561BCA891A004343F0 /* CardView.m in Sources */,
				FAE419491BCA891A004343F0 /* GameViewController.m in Sources */,
				FAE419461BCA891A004343F0 /* UIView+Geometry.m in Sources */,
				FAE419581BCA891A004343F0 /* GameView.m in Sources */,
				FAE419481BCA891A004343F0 /* BaseViewController.m in Sources */,
				5A36ED0C181160650095CD38 /* AppDelegate.m in Sources */,
				FAE419591BCA891A004343F0 /* HandView.m in Sources */,
				FAE4194E1BCA891A004343F0 /* Hand.m in Sources */,
				FAE4194C1BCA891A004343F0 /* Card.m in Sources */,
				FAE419471BCA891A004343F0 /* Constants.m in Sources */,
			);
			runOnlyForDeploymentPostprocessing = 0;
		};
/* End PBXSourcesBuildPhase section */

/* Begin PBXVariantGroup section */
		FAE4193A1BCA891A004343F0 /* InfoPlist.strings */ = {
			isa = PBXVariantGroup;
			children = (
				FAE4193B1BCA891A004343F0 /* en */,
			);
			name = InfoPlist.strings;
			sourceTree = "<group>";
		};
/* End PBXVariantGroup section */

/* Begin XCBuildConfiguration section */
		5A36ED22181160650095CD38 /* Debug */ = {
			isa = XCBuildConfiguration;
			buildSettings = {
				ALWAYS_SEARCH_USER_PATHS = NO;
				CLANG_CXX_LANGUAGE_STANDARD = "gnu++0x";
				CLANG_CXX_LIBRARY = "libc++";
				CLANG_ENABLE_MODULES = YES;
				CLANG_ENABLE_OBJC_ARC = YES;
				CLANG_WARN_BOOL_CONVERSION = YES;
				CLANG_WARN_CONSTANT_CONVERSION = YES;
				CLANG_WARN_DIRECT_OBJC_ISA_USAGE = YES_ERROR;
				CLANG_WARN_EMPTY_BODY = YES;
				CLANG_WARN_ENUM_CONVERSION = YES;
				CLANG_WARN_INT_CONVERSION = YES;
				CLANG_WARN_OBJC_ROOT_CLASS = YES_ERROR;
				CLANG_WARN__DUPLICATE_METHOD_MATCH = YES;
				"CODE_SIGN_IDENTITY[sdk=iphoneos*]" = "iPhone Developer";
				COPY_PHASE_STRIP = NO;
				ENABLE_TESTABILITY = YES;
				GCC_C_LANGUAGE_STANDARD = gnu99;
				GCC_DYNAMIC_NO_PIC = NO;
				GCC_OPTIMIZATION_LEVEL = 0;
				GCC_PREPROCESSOR_DEFINITIONS = (
					"DEBUG=1",
					"$(inherited)",
				);
				GCC_SYMBOLS_PRIVATE_EXTERN = NO;
				GCC_WARN_64_TO_32_BIT_CONVERSION = YES;
				GCC_WARN_ABOUT_RETURN_TYPE = YES_ERROR;
				GCC_WARN_UNDECLARED_SELECTOR = YES;
				GCC_WARN_UNINITIALIZED_AUTOS = YES;
				GCC_WARN_UNUSED_FUNCTION = YES;
				GCC_WARN_UNUSED_VARIABLE = YES;
				IPHONEOS_DEPLOYMENT_TARGET = 5.0;
				ONLY_ACTIVE_ARCH = YES;
				SDKROOT = iphoneos;
			};
			name = Debug;
		};
		5A36ED23181160650095CD38 /* Release */ = {
			isa = XCBuildConfiguration;
			buildSettings = {
				ALWAYS_SEARCH_USER_PATHS = NO;
				CLANG_CXX_LANGUAGE_STANDARD = "gnu++0x";
				CLANG_CXX_LIBRARY = "libc++";
				CLANG_ENABLE_MODULES = YES;
				CLANG_ENABLE_OBJC_ARC = YES;
				CLANG_WARN_BOOL_CONVERSION = YES;
				CLANG_WARN_CONSTANT_CONVERSION = YES;
				CLANG_WARN_DIRECT_OBJC_ISA_USAGE = YES_ERROR;
				CLANG_WARN_EMPTY_BODY = YES;
				CLANG_WARN_ENUM_CONVERSION = YES;
				CLANG_WARN_INT_CONVERSION = YES;
				CLANG_WARN_OBJC_ROOT_CLASS = YES_ERROR;
				CLANG_WARN__DUPLICATE_METHOD_MATCH = YES;
				"CODE_SIGN_IDENTITY[sdk=iphoneos*]" = "iPhone Developer";
				COPY_PHASE_STRIP = YES;
				ENABLE_NS_ASSERTIONS = NO;
				GCC_C_LANGUAGE_STANDARD = gnu99;
				GCC_WARN_64_TO_32_BIT_CONVERSION = YES;
				GCC_WARN_ABOUT_RETURN_TYPE = YES_ERROR;
				GCC_WARN_UNDECLARED_SELECTOR = YES;
				GCC_WARN_UNINITIALIZED_AUTOS = YES;
				GCC_WARN_UNUSED_FUNCTION = YES;
				GCC_WARN_UNUSED_VARIABLE = YES;
				IPHONEOS_DEPLOYMENT_TARGET = 5.0;
				SDKROOT = iphoneos;
				VALIDATE_PRODUCT = YES;
			};
			name = Release;
		};
		5A36ED25181160650095CD38 /* Debug */ = {
			isa = XCBuildConfiguration;
			buildSettings = {
				ASSETCATALOG_COMPILER_APPICON_NAME = AppIcon;
				ASSETCATALOG_COMPILER_LAUNCHIMAGE_NAME = LaunchImage;
				GCC_PRECOMPILE_PREFIX_HEADER = YES;
				GCC_PREFIX_HEADER = "DurakMobile/SupportingFiles/DurakMobile-Prefix.pch";
				INFOPLIST_FILE = "$(SRCROOT)/DurakMobile/SupportingFiles/DurakMobile-Info.plist";
				PRODUCT_NAME = "$(TARGET_NAME)";
				WRAPPER_EXTENSION = app;
			};
			name = Debug;
		};
		5A36ED26181160650095CD38 /* Release */ = {
			isa = XCBuildConfiguration;
			buildSettings = {
				ASSETCATALOG_COMPILER_APPICON_NAME = AppIcon;
				ASSETCATALOG_COMPILER_LAUNCHIMAGE_NAME = LaunchImage;
				GCC_PRECOMPILE_PREFIX_HEADER = YES;
				GCC_PREFIX_HEADER = "DurakMobile/SupportingFiles/DurakMobile-Prefix.pch";
				INFOPLIST_FILE = "$(SRCROOT)/DurakMobile/SupportingFiles/DurakMobile-Info.plist";
				PRODUCT_NAME = "$(TARGET_NAME)";
				WRAPPER_EXTENSION = app;
			};
			name = Release;
		};
/* End XCBuildConfiguration section */

/* Begin XCConfigurationList section */
		5A36ECF3181160650095CD38 /* Build configuration list for PBXProject "DurakMobile" */ = {
			isa = XCConfigurationList;
			buildConfigurations = (
				5A36ED22181160650095CD38 /* Debug */,
				5A36ED23181160650095CD38 /* Release */,
			);
			defaultConfigurationIsVisible = 0;
			defaultConfigurationName = Release;
		};
		5A36ED24181160650095CD38 /* Build configuration list for PBXNativeTarget "DurakMobile" */ = {
			isa = XCConfigurationList;
			buildConfigurations = (
				5A36ED25181160650095CD38 /* Debug */,
				5A36ED26181160650095CD38 /* Release */,
			);
			defaultConfigurationIsVisible = 0;
			defaultConfigurationName = Release;
		};
/* End XCConfigurationList section */
	};
	rootObject = 5A36ECF0181160650095CD38 /* Project object */;
}
